
Microsoft Visual Studio Solution File, Format Version 10.00
# Visual Studio 2008
Project("{FAE04EC0-301F-11D3-BF4B-00C04F79EFBC}") = "系统2005辅助工具", "系统2005辅助工具\系统2005辅助工具.csproj", "{DFA12B5A-FDB8-4CE9-B5BE-C7E1B947E376}"
EndProject
Project("{FAE04EC0-301F-11D3-BF4B-00C04F79EFBC}") = "EchoLib", "..\EchoLib\EchoLib.csproj", "{F10E3168-0A96-4AC8-A1E3-7E0E25511ED5}"
EndProject
Global
	GlobalSection(SubversionScc) = preSolution
		Svn-Managed = True
		Manager = AnkhSVN - Subversion Support for Visual Studio
	EndGlobalSection
	GlobalSection(SolutionConfigurationPlatforms) = preSolution
		Debug|Any CPU = Debug|Any CPU
		Release|Any CPU = Release|Any CPU
	EndGlobalSection
	GlobalSection(ProjectConfigurationPlatforms) = postSolution
		{DFA12B5A-FDB8-4CE9-B5BE-C7E1B947E376}.Debug|Any CPU.ActiveCfg = Debug|Any CPU
		{DFA12B5A-FDB8-4CE9-B5BE-C7E1B947E376}.Debug|Any CPU.Build.0 = Debug|Any CPU
		{DFA12B5A-FDB8-4CE9-B5BE-C7E1B947E376}.Release|Any CPU.ActiveCfg = Release|Any CPU
		{DFA12B5A-FDB8-4CE9-B5BE-C7E1B947E376}.Release|Any CPU.Build.0 = Release|Any CPU
		{F10E3168-0A96-4AC8-A1E3-7E0E25511ED5}.Debug|Any CPU.ActiveCfg = Debug|Any CPU
		{F10E3168-0A96-4AC8-A1E3-7E0E25511ED5}.Debug|Any CPU.Build.0 = Debug|Any CPU
		{F10E3168-0A96-4AC8-A1E3-7E0E25511ED5}.Release|Any CPU.ActiveCfg = Release|Any CPU
		{F10E3168-0A96-4AC8-A1E3-7E0E25511ED5}.Release|Any CPU.Build.0 = Release|Any CPU
	EndGlobalSection
	GlobalSection(SolutionProperties) = preSolution
		HideSolutionNode = FALSE
	EndGlobalSection
EndGlobal
